
Microsoft Visual Studio Solution File, Format Version 12.00
# Visual Studio 15
VisualStudioVersion = 15.0.28307.421
MinimumVisualStudioVersion = 10.0.40219.1
Project("{FAE04EC0-301F-11D3-BF4B-00C04F79EFBC}") = "AUPS", "AUPS\AUPS.csproj", "{8C484313-186C-4E5E-8669-7D5CE9469069}"
	ProjectSection(ProjectDependencies) = postProject
		{E55E51A6-8757-4E7C-90A0-571DE68345A0} = {E55E51A6-8757-4E7C-90A0-571DE68345A0}
		{3589C3EB-F46A-42E6-B7DE-9C4471302719} = {3589C3EB-F46A-42E6-B7DE-9C4471302719}
	EndProjectSection
EndProject
Project("{FAE04EC0-301F-11D3-BF4B-00C04F79EFBC}") = "Amphenol.SequenceLib", "Amphenol.SequenceLib\Amphenol.SequenceLib.csproj", "{FA0A37C1-F916-43E8-A0CC-10EB2098F0D2}"
EndProject
Project("{FAE04EC0-301F-11D3-BF4B-00C04F79EFBC}") = "Amphenol.Project.X577", "Amphenol.Project.X577\Amphenol.Project.X577.csproj", "{EAD45F69-6789-4FF5-A44E-6DB3E69B96A6}"
EndProject
Project("{FAE04EC0-301F-11D3-BF4B-00C04F79EFBC}") = "Amphenol.Instruments", "Amphenol.Instruments\Amphenol.Instruments.csproj", "{3589C3EB-F46A-42E6-B7DE-9C4471302719}"
EndProject
Project("{FAE04EC0-301F-11D3-BF4B-00C04F79EFBC}") = "Utilities", "Utilities\Utilities.csproj", "{E55E51A6-8757-4E7C-90A0-571DE68345A0}"
EndProject
Project("{FAE04EC0-301F-11D3-BF4B-00C04F79EFBC}") = "Libraries_Testing", "Libraries_Testing\Libraries_Testing.csproj", "{0A86F1A6-E431-41B1-8FAE-76372AA28418}"
EndProject
Project("{FAE04EC0-301F-11D3-BF4B-00C04F79EFBC}") = "ConnectManipulateDB", "ConnectManipulateDB\ConnectManipulateDB.csproj", "{BA1D2585-BF59-4409-99C7-BF8F5049B052}"
EndProject
Global
	GlobalSection(SolutionConfigurationPlatforms) = preSolution
		Debug|Any CPU = Debug|Any CPU
		Debug|x64 = Debug|x64
		Debug|x86 = Debug|x86
		Release|Any CPU = Release|Any CPU
		Release|x64 = Release|x64
		Release|x86 = Release|x86
	EndGlobalSection
	GlobalSection(ProjectConfigurationPlatforms) = postSolution
		{8C484313-186C-4E5E-8669-7D5CE9469069}.Debug|Any CPU.ActiveCfg = Debug|Any CPU
		{8C484313-186C-4E5E-8669-7D5CE9469069}.Debug|Any CPU.Build.0 = Debug|Any CPU
		{8C484313-186C-4E5E-8669-7D5CE9469069}.Debug|x64.ActiveCfg = Debug|Any CPU
		{8C484313-186C-4E5E-8669-7D5CE9469069}.Debug|x64.Build.0 = Debug|Any CPU
		{8C484313-186C-4E5E-8669-7D5CE9469069}.Debug|x86.ActiveCfg = Debug|Any CPU
		{8C484313-186C-4E5E-8669-7D5CE9469069}.Debug|x86.Build.0 = Debug|Any CPU
		{8C484313-186C-4E5E-8669-7D5CE9469069}.Release|Any CPU.ActiveCfg = Release|Any CPU
		{8C484313-186C-4E5E-8669-7D5CE9469069}.Release|Any CPU.Build.0 = Release|Any CPU
		{8C484313-186C-4E5E-8669-7D5CE9469069}.Release|x64.ActiveCfg = Release|Any CPU
		{8C484313-186C-4E5E-8669-7D5CE9469069}.Release|x64.Build.0 = Release|Any CPU
		{8C484313-186C-4E5E-8669-7D5CE9469069}.Release|x86.ActiveCfg = Release|Any CPU
		{8C484313-186C-4E5E-8669-7D5CE9469069}.Release|x86.Build.0 = Release|Any CPU
		{FA0A37C1-F916-43E8-A0CC-10EB2098F0D2}.Debug|Any CPU.ActiveCfg = Debug|Any CPU
		{FA0A37C1-F916-43E8-A0CC-10EB2098F0D2}.Debug|Any CPU.Build.0 = Debug|Any CPU
		{FA0A37C1-F916-43E8-A0CC-10EB2098F0D2}.Debug|x64.ActiveCfg = Debug|Any CPU
		{FA0A37C1-F916-43E8-A0CC-10EB2098F0D2}.Debug|x64.Build.0 = Debug|Any CPU
		{FA0A37C1-F916-43E8-A0CC-10EB2098F0D2}.Debug|x86.ActiveCfg = Debug|Any CPU
		{FA0A37C1-F916-43E8-A0CC-10EB2098F0D2}.Debug|x86.Build.0 = Debug|Any CPU
		{FA0A37C1-F916-43E8-A0CC-10EB2098F0D2}.Release|Any CPU.ActiveCfg = Release|Any CPU
		{FA0A37C1-F916-43E8-A0CC-10EB2098F0D2}.Release|Any CPU.Build.0 = Release|Any CPU
		{FA0A37C1-F916-43E8-A0CC-10EB2098F0D2}.Release|Any CPU.Deploy.0 = Release|Any CPU
		{FA0A37C1-F916-43E8-A0CC-10EB2098F0D2}.Release|x64.ActiveCfg = Release|Any CPU
		{FA0A37C1-F916-43E8-A0CC-10EB2098F0D2}.Release|x64.Build.0 = Release|Any CPU
		{FA0A37C1-F916-43E8-A0CC-10EB2098F0D2}.Release|x86.ActiveCfg = Release|Any CPU
		{FA0A37C1-F916-43E8-A0CC-10EB2098F0D2}.Release|x86.Build.0 = Release|Any CPU
		{EAD45F69-6789-4FF5-A44E-6DB3E69B96A6}.Debug|Any CPU.ActiveCfg = Debug|Any CPU
		{EAD45F69-6789-4FF5-A44E-6DB3E69B96A6}.Debug|Any CPU.Build.0 = Debug|Any CPU
		{EAD45F69-6789-4FF5-A44E-6DB3E69B96A6}.Debug|x64.ActiveCfg = Debug|Any CPU
		{EAD45F69-6789-4FF5-A44E-6DB3E69B96A6}.Debug|x64.Build.0 = Debug|Any CPU
		{EAD45F69-6789-4FF5-A44E-6DB3E69B96A6}.Debug|x86.ActiveCfg = Debug|Any CPU
		{EAD45F69-6789-4FF5-A44E-6DB3E69B96A6}.Debug|x86.Build.0 = Debug|Any CPU
		{EAD45F69-6789-4FF5-A44E-6DB3E69B96A6}.Release|Any CPU.ActiveCfg = Release|Any CPU
		{EAD45F69-6789-4FF5-A44E-6DB3E69B96A6}.Release|Any CPU.Build.0 = Release|Any CPU
		{EAD45F69-6789-4FF5-A44E-6DB3E69B96A6}.Release|x64.ActiveCfg = Release|Any CPU
		{EAD45F69-6789-4FF5-A44E-6DB3E69B96A6}.Release|x64.Build.0 = Release|Any CPU
		{EAD45F69-6789-4FF5-A44E-6DB3E69B96A6}.Release|x86.ActiveCfg = Release|Any CPU
		{EAD45F69-6789-4FF5-A44E-6DB3E69B96A6}.Release|x86.Build.0 = Release|Any CPU
		{3589C3EB-F46A-42E6-B7DE-9C4471302719}.Debug|Any CPU.ActiveCfg = Debug|Any CPU
		{3589C3EB-F46A-42E6-B7DE-9C4471302719}.Debug|Any CPU.Build.0 = Debug|Any CPU
		{3589C3EB-F46A-42E6-B7DE-9C4471302719}.Debug|x64.ActiveCfg = Debug|Any CPU
		{3589C3EB-F46A-42E6-B7DE-9C4471302719}.Debug|x64.Build.0 = Debug|Any CPU
		{3589C3EB-F46A-42E6-B7DE-9C4471302719}.Debug|x86.ActiveCfg = Debug|Any CPU
		{3589C3EB-F46A-42E6-B7DE-9C4471302719}.Debug|x86.Build.0 = Debug|Any CPU
		{3589C3EB-F46A-42E6-B7DE-9C4471302719}.Release|Any CPU.ActiveCfg = Release|Any CPU
		{3589C3EB-F46A-42E6-B7DE-9C4471302719}.Release|Any CPU.Build.0 = Release|Any CPU
		{3589C3EB-F46A-42E6-B7DE-9C4471302719}.Release|Any CPU.Deploy.0 = Release|Any CPU
		{3589C3EB-F46A-42E6-B7DE-9C4471302719}.Release|x64.ActiveCfg = Release|Any CPU
		{3589C3EB-F46A-42E6-B7DE-9C4471302719}.Release|x64.Build.0 = Release|Any CPU
		{3589C3EB-F46A-42E6-B7DE-9C4471302719}.Release|x86.ActiveCfg = Release|Any CPU
		{3589C3EB-F46A-42E6-B7DE-9C4471302719}.Release|x86.Build.0 = Release|Any CPU
		{E55E51A6-8757-4E7C-90A0-571DE68345A0}.Debug|Any CPU.ActiveCfg = Debug|Any CPU
		{E55E51A6-8757-4E7C-90A0-571DE68345A0}.Debug|Any CPU.Build.0 = Debug|Any CPU
		{E55E51A6-8757-4E7C-90A0-571DE68345A0}.Debug|x64.ActiveCfg = Debug|Any CPU
		{E55E51A6-8757-4E7C-90A0-571DE68345A0}.Debug|x64.Build.0 = Debug|Any CPU
		{E55E51A6-8757-4E7C-90A0-571DE68345A0}.Debug|x86.ActiveCfg = Debug|Any CPU
		{E55E51A6-8757-4E7C-90A0-571DE68345A0}.Debug|x86.Build.0 = Debug|Any CPU
		{E55E51A6-8757-4E7C-90A0-571DE68345A0}.Release|Any CPU.ActiveCfg = Release|Any CPU
		{E55E51A6-8757-4E7C-90A0-571DE68345A0}.Release|Any CPU.Build.0 = Release|Any CPU
		{E55E51A6-8757-4E7C-90A0-571DE68345A0}.Release|x64.ActiveCfg = Release|Any CPU
		{E55E51A6-8757-4E7C-90A0-571DE68345A0}.Release|x64.Build.0 = Release|Any CPU
		{E55E51A6-8757-4E7C-90A0-571DE68345A0}.Release|x86.ActiveCfg = Release|Any CPU
		{E55E51A6-8757-4E7C-90A0-571DE68345A0}.Release|x86.Build.0 = Release|Any CPU
		{0A86F1A6-E431-41B1-8FAE-76372AA28418}.Debug|Any CPU.ActiveCfg = Debug|Any CPU
		{0A86F1A6-E431-41B1-8FAE-76372AA28418}.Debug|Any CPU.Build.0 = Debug|Any CPU
		{0A86F1A6-E431-41B1-8FAE-76372AA28418}.Debug|x64.ActiveCfg = Debug|Any CPU
		{0A86F1A6-E431-41B1-8FAE-76372AA28418}.Debug|x64.Build.0 = Debug|Any CPU
		{0A86F1A6-E431-41B1-8FAE-76372AA28418}.Debug|x86.ActiveCfg = Debug|Any CPU
		{0A86F1A6-E431-41B1-8FAE-76372AA28418}.Debug|x86.Build.0 = Debug|Any CPU
		{0A86F1A6-E431-41B1-8FAE-76372AA28418}.Release|Any CPU.ActiveCfg = Release|Any CPU
		{0A86F1A6-E431-41B1-8FAE-76372AA28418}.Release|Any CPU.Build.0 = Release|Any CPU
		{0A86F1A6-E431-41B1-8FAE-76372AA28418}.Release|x64.ActiveCfg = Release|Any CPU
		{0A86F1A6-E431-41B1-8FAE-76372AA28418}.Release|x64.Build.0 = Release|Any CPU
		{0A86F1A6-E431-41B1-8FAE-76372AA28418}.Release|x86.ActiveCfg = Release|Any CPU
		{0A86F1A6-E431-41B1-8FAE-76372AA28418}.Release|x86.Build.0 = Release|Any CPU
		{BA1D2585-BF59-4409-99C7-BF8F5049B052}.Debug|Any CPU.ActiveCfg = Debug|Any CPU
		{BA1D2585-BF59-4409-99C7-BF8F5049B052}.Debug|Any CPU.Build.0 = Debug|Any CPU
		{BA1D2585-BF59-4409-99C7-BF8F5049B052}.Debug|x64.ActiveCfg = Debug|Any CPU
		{BA1D2585-BF59-4409-99C7-BF8F5049B052}.Debug|x64.Build.0 = Debug|Any CPU
		{BA1D2585-BF59-4409-99C7-BF8F5049B052}.Debug|x86.ActiveCfg = Debug|Any CPU
		{BA1D2585-BF59-4409-99C7-BF8F5049B052}.Debug|x86.Build.0 = Debug|Any CPU
		{BA1D2585-BF59-4409-99C7-BF8F5049B052}.Release|Any CPU.ActiveCfg = Release|Any CPU
		{BA1D2585-BF59-4409-99C7-BF8F5049B052}.Release|Any CPU.Build.0 = Release|Any CPU
		{BA1D2585-BF59-4409-99C7-BF8F5049B052}.Release|x64.ActiveCfg = Release|Any CPU
		{BA1D2585-BF59-4409-99C7-BF8F5049B052}.Release|x64.Build.0 = Release|Any CPU
		{BA1D2585-BF59-4409-99C7-BF8F5049B052}.Release|x86.ActiveCfg = Release|Any CPU
		{BA1D2585-BF59-4409-99C7-BF8F5049B052}.Release|x86.Build.0 = Release|Any CPU
	EndGlobalSection
	GlobalSection(SolutionProperties) = preSolution
		HideSolutionNode = FALSE
	EndGlobalSection
	GlobalSection(ExtensibilityGlobals) = postSolution
		SolutionGuid = {4AD65E44-8F6E-40E7-950C-533EDDAE9C2D}
	EndGlobalSection
EndGlobal
