
Microsoft Visual Studio Solution File, Format Version 12.00
# Visual Studio 14
VisualStudioVersion = 14.0.25420.1
MinimumVisualStudioVersion = 10.0.40219.1
Project("{FAE04EC0-301F-11D3-BF4B-00C04F79EFBC}") = "AUPS", "AUPS\AUPS.csproj", "{8C484313-186C-4E5E-8669-7D5CE9469069}"
EndProject
Project("{FAE04EC0-301F-11D3-BF4B-00C04F79EFBC}") = "XML", "XML\XML.csproj", "{A832EE0D-A501-47A6-A7EE-8AEA9F0FA56F}"
EndProject
Project("{FAE04EC0-301F-11D3-BF4B-00C04F79EFBC}") = "Sequence", "Sequence\Sequence.csproj", "{06C70C05-56D0-4EDF-9D16-783D95509037}"
EndProject
Project("{FAE04EC0-301F-11D3-BF4B-00C04F79EFBC}") = "ManipulateXML", "ManipulateXML\ManipulateXML.csproj", "{054D71B6-4224-4F94-80C7-80DA50678915}"
EndProject
Project("{FAE04EC0-301F-11D3-BF4B-00C04F79EFBC}") = "SequenceLib", "SequenceLib\SequenceLib.csproj", "{C49FEDBA-6512-44D8-9E3F-24C8D3A8977F}"
EndProject
Project("{FAE04EC0-301F-11D3-BF4B-00C04F79EFBC}") = "Amphenol.SequenceLib", "Amphenol.SequenceLib\Amphenol.SequenceLib.csproj", "{FA0A37C1-F916-43E8-A0CC-10EB2098F0D2}"
EndProject
Project("{FAE04EC0-301F-11D3-BF4B-00C04F79EFBC}") = "XmlSerialization", "XmlSerialization\XmlSerialization.csproj", "{3CE4E2EB-62DE-4E44-ABA7-CFE7B17BDA34}"
EndProject
Project("{FAE04EC0-301F-11D3-BF4B-00C04F79EFBC}") = "DataContractSerialization", "DataContractSerialization\DataContractSerialization.csproj", "{BF912A3A-0F6E-43B5-ADC8-05DA4F3684DE}"
EndProject
Project("{FAE04EC0-301F-11D3-BF4B-00C04F79EFBC}") = "ManipulateClipboard", "ManipulateClipboard\ManipulateClipboard.csproj", "{257174B5-3108-4B6B-AD5F-54070C97AA4E}"
EndProject
Global
	GlobalSection(SolutionConfigurationPlatforms) = preSolution
		Debug|Any CPU = Debug|Any CPU
		Release|Any CPU = Release|Any CPU
	EndGlobalSection
	GlobalSection(ProjectConfigurationPlatforms) = postSolution
		{8C484313-186C-4E5E-8669-7D5CE9469069}.Debug|Any CPU.ActiveCfg = Debug|Any CPU
		{8C484313-186C-4E5E-8669-7D5CE9469069}.Debug|Any CPU.Build.0 = Debug|Any CPU
		{8C484313-186C-4E5E-8669-7D5CE9469069}.Release|Any CPU.ActiveCfg = Release|Any CPU
		{8C484313-186C-4E5E-8669-7D5CE9469069}.Release|Any CPU.Build.0 = Release|Any CPU
		{A832EE0D-A501-47A6-A7EE-8AEA9F0FA56F}.Debug|Any CPU.ActiveCfg = Debug|Any CPU
		{A832EE0D-A501-47A6-A7EE-8AEA9F0FA56F}.Debug|Any CPU.Build.0 = Debug|Any CPU
		{A832EE0D-A501-47A6-A7EE-8AEA9F0FA56F}.Release|Any CPU.ActiveCfg = Release|Any CPU
		{A832EE0D-A501-47A6-A7EE-8AEA9F0FA56F}.Release|Any CPU.Build.0 = Release|Any CPU
		{06C70C05-56D0-4EDF-9D16-783D95509037}.Debug|Any CPU.ActiveCfg = Debug|Any CPU
		{06C70C05-56D0-4EDF-9D16-783D95509037}.Debug|Any CPU.Build.0 = Debug|Any CPU
		{06C70C05-56D0-4EDF-9D16-783D95509037}.Release|Any CPU.ActiveCfg = Release|Any CPU
		{06C70C05-56D0-4EDF-9D16-783D95509037}.Release|Any CPU.Build.0 = Release|Any CPU
		{054D71B6-4224-4F94-80C7-80DA50678915}.Debug|Any CPU.ActiveCfg = Debug|Any CPU
		{054D71B6-4224-4F94-80C7-80DA50678915}.Debug|Any CPU.Build.0 = Debug|Any CPU
		{054D71B6-4224-4F94-80C7-80DA50678915}.Release|Any CPU.ActiveCfg = Release|Any CPU
		{054D71B6-4224-4F94-80C7-80DA50678915}.Release|Any CPU.Build.0 = Release|Any CPU
		{C49FEDBA-6512-44D8-9E3F-24C8D3A8977F}.Debug|Any CPU.ActiveCfg = Debug|Any CPU
		{C49FEDBA-6512-44D8-9E3F-24C8D3A8977F}.Debug|Any CPU.Build.0 = Debug|Any CPU
		{C49FEDBA-6512-44D8-9E3F-24C8D3A8977F}.Release|Any CPU.ActiveCfg = Release|Any CPU
		{C49FEDBA-6512-44D8-9E3F-24C8D3A8977F}.Release|Any CPU.Build.0 = Release|Any CPU
		{FA0A37C1-F916-43E8-A0CC-10EB2098F0D2}.Debug|Any CPU.ActiveCfg = Debug|Any CPU
		{FA0A37C1-F916-43E8-A0CC-10EB2098F0D2}.Debug|Any CPU.Build.0 = Debug|Any CPU
		{FA0A37C1-F916-43E8-A0CC-10EB2098F0D2}.Release|Any CPU.ActiveCfg = Release|Any CPU
		{FA0A37C1-F916-43E8-A0CC-10EB2098F0D2}.Release|Any CPU.Build.0 = Release|Any CPU
		{3CE4E2EB-62DE-4E44-ABA7-CFE7B17BDA34}.Debug|Any CPU.ActiveCfg = Debug|Any CPU
		{3CE4E2EB-62DE-4E44-ABA7-CFE7B17BDA34}.Debug|Any CPU.Build.0 = Debug|Any CPU
		{3CE4E2EB-62DE-4E44-ABA7-CFE7B17BDA34}.Release|Any CPU.ActiveCfg = Release|Any CPU
		{3CE4E2EB-62DE-4E44-ABA7-CFE7B17BDA34}.Release|Any CPU.Build.0 = Release|Any CPU
		{BF912A3A-0F6E-43B5-ADC8-05DA4F3684DE}.Debug|Any CPU.ActiveCfg = Debug|Any CPU
		{BF912A3A-0F6E-43B5-ADC8-05DA4F3684DE}.Debug|Any CPU.Build.0 = Debug|Any CPU
		{BF912A3A-0F6E-43B5-ADC8-05DA4F3684DE}.Release|Any CPU.ActiveCfg = Release|Any CPU
		{BF912A3A-0F6E-43B5-ADC8-05DA4F3684DE}.Release|Any CPU.Build.0 = Release|Any CPU
		{257174B5-3108-4B6B-AD5F-54070C97AA4E}.Debug|Any CPU.ActiveCfg = Debug|Any CPU
		{257174B5-3108-4B6B-AD5F-54070C97AA4E}.Debug|Any CPU.Build.0 = Debug|Any CPU
		{257174B5-3108-4B6B-AD5F-54070C97AA4E}.Release|Any CPU.ActiveCfg = Release|Any CPU
		{257174B5-3108-4B6B-AD5F-54070C97AA4E}.Release|Any CPU.Build.0 = Release|Any CPU
	EndGlobalSection
	GlobalSection(SolutionProperties) = preSolution
		HideSolutionNode = FALSE
	EndGlobalSection
EndGlobal
